
Microsoft Visual Studio Solution File, Format Version 12.00
# Visual Studio Express 2012 for Web
Project("{FAE04EC0-301F-11D3-BF4B-00C04F79EFBC}") = "XMLAssignment", "XMLAssignment.csproj", "{3D9D5C1F-69A1-4A25-8C9D-654A3F4F45DF}"
EndProject
Project("{FAE04EC0-301F-11D3-BF4B-00C04F79EFBC}") = "XMLAssignment.DataLayer", "..\XMLAssignment.DataLayer\XMLAssignment.DataLayer.csproj", "{39BCA21B-E4C6-498F-825F-8D212CED4008}"
EndProject
Project("{FAE04EC0-301F-11D3-BF4B-00C04F79EFBC}") = "XMLAssignment.BusinessLayer", "XMLAssignment.BusinessLayer\XMLAssignment.BusinessLayer.csproj", "{AD30CF75-0D11-4F5A-A2DC-9A3A5B8308D7}"
EndProject
Global
	GlobalSection(SolutionConfigurationPlatforms) = preSolution
		Debug|Any CPU = Debug|Any CPU
		Release|Any CPU = Release|Any CPU
	EndGlobalSection
	GlobalSection(ProjectConfigurationPlatforms) = postSolution
		{3D9D5C1F-69A1-4A25-8C9D-654A3F4F45DF}.Debug|Any CPU.ActiveCfg = Debug|Any CPU
		{3D9D5C1F-69A1-4A25-8C9D-654A3F4F45DF}.Debug|Any CPU.Build.0 = Debug|Any CPU
		{3D9D5C1F-69A1-4A25-8C9D-654A3F4F45DF}.Release|Any CPU.ActiveCfg = Release|Any CPU
		{3D9D5C1F-69A1-4A25-8C9D-654A3F4F45DF}.Release|Any CPU.Build.0 = Release|Any CPU
		{39BCA21B-E4C6-498F-825F-8D212CED4008}.Debug|Any CPU.ActiveCfg = Debug|Any CPU
		{39BCA21B-E4C6-498F-825F-8D212CED4008}.Debug|Any CPU.Build.0 = Debug|Any CPU
		{39BCA21B-E4C6-498F-825F-8D212CED4008}.Release|Any CPU.ActiveCfg = Release|Any CPU
		{39BCA21B-E4C6-498F-825F-8D212CED4008}.Release|Any CPU.Build.0 = Release|Any CPU
		{AD30CF75-0D11-4F5A-A2DC-9A3A5B8308D7}.Debug|Any CPU.ActiveCfg = Debug|Any CPU
		{AD30CF75-0D11-4F5A-A2DC-9A3A5B8308D7}.Debug|Any CPU.Build.0 = Debug|Any CPU
		{AD30CF75-0D11-4F5A-A2DC-9A3A5B8308D7}.Release|Any CPU.ActiveCfg = Release|Any CPU
		{AD30CF75-0D11-4F5A-A2DC-9A3A5B8308D7}.Release|Any CPU.Build.0 = Release|Any CPU
	EndGlobalSection
	GlobalSection(SolutionProperties) = preSolution
		HideSolutionNode = FALSE
	EndGlobalSection
EndGlobal
