
Microsoft Visual Studio Solution File, Format Version 12.00
# Visual Studio Express 2012 for Web
Project("{FAE04EC0-301F-11D3-BF4B-00C04F79EFBC}") = "SampleWebApp", "SampleWebApp.csproj", "{D6B29CE6-805B-445B-868E-3F1037FE0FBB}"
EndProject
Project("{FAE04EC0-301F-11D3-BF4B-00C04F79EFBC}") = "SampleWebApp.Test", "SampleWebApp.Test\SampleWebApp.Test.csproj", "{8E9E0548-0749-43D7-B66E-77FB61721C95}"
EndProject
Global
	GlobalSection(SolutionConfigurationPlatforms) = preSolution
		Debug|Any CPU = Debug|Any CPU
		Release|Any CPU = Release|Any CPU
	EndGlobalSection
	GlobalSection(ProjectConfigurationPlatforms) = postSolution
		{D6B29CE6-805B-445B-868E-3F1037FE0FBB}.Debug|Any CPU.ActiveCfg = Debug|Any CPU
		{D6B29CE6-805B-445B-868E-3F1037FE0FBB}.Debug|Any CPU.Build.0 = Debug|Any CPU
		{D6B29CE6-805B-445B-868E-3F1037FE0FBB}.Release|Any CPU.ActiveCfg = Release|Any CPU
		{D6B29CE6-805B-445B-868E-3F1037FE0FBB}.Release|Any CPU.Build.0 = Release|Any CPU
		{8E9E0548-0749-43D7-B66E-77FB61721C95}.Debug|Any CPU.ActiveCfg = Debug|Any CPU
		{8E9E0548-0749-43D7-B66E-77FB61721C95}.Debug|Any CPU.Build.0 = Debug|Any CPU
		{8E9E0548-0749-43D7-B66E-77FB61721C95}.Release|Any CPU.ActiveCfg = Release|Any CPU
		{8E9E0548-0749-43D7-B66E-77FB61721C95}.Release|Any CPU.Build.0 = Release|Any CPU
	EndGlobalSection
	GlobalSection(SolutionProperties) = preSolution
		HideSolutionNode = FALSE
	EndGlobalSection
EndGlobal
